
Microsoft Visual Studio Solution File, Format Version 12.00
# Visual Studio 15
VisualStudioVersion = 15.0.26124.0
MinimumVisualStudioVersion = 15.0.26124.0
Project("{2150E333-8FDC-42A3-9474-1A3956D46DE8}") = "src", "src", "{AEA3D972-4D2E-4D37-9E9F-99BD12F6CD17}"
EndProject
Project("{FAE04EC0-301F-11D3-BF4B-00C04F79EFBC}") = "TriggerMe.Request", "src\TriggerMe.Request\TriggerMe.Request.csproj", "{70E49B0F-A8F4-4ACC-925C-A2BEA7E66291}"
EndProject
Project("{2150E333-8FDC-42A3-9474-1A3956D46DE8}") = "sample", "sample", "{EB5C0A21-F1D7-489F-8AFB-19047F025A35}"
EndProject
Project("{FAE04EC0-301F-11D3-BF4B-00C04F79EFBC}") = "TriggerMe.Request.ConsoleTest", "sample\TriggerMe.Request.ConsoleTest\TriggerMe.Request.ConsoleTest.csproj", "{9FEC7E07-C46A-4DEC-98F3-0A22E5E9D3E1}"
EndProject
Project("{2150E333-8FDC-42A3-9474-1A3956D46DE8}") = "test", "test", "{C1EA171D-8ACF-422C-BE97-E1806EC1DCF4}"
EndProject
Project("{FAE04EC0-301F-11D3-BF4B-00C04F79EFBC}") = "TriggerMe.Test", "test\TriggerMe.Test\TriggerMe.Test.csproj", "{0C5F48B1-F266-4AF2-8C5C-24F7AE91096D}"
EndProject
Global
	GlobalSection(SolutionConfigurationPlatforms) = preSolution
		Debug|Any CPU = Debug|Any CPU
		Debug|x64 = Debug|x64
		Debug|x86 = Debug|x86
		Release|Any CPU = Release|Any CPU
		Release|x64 = Release|x64
		Release|x86 = Release|x86
	EndGlobalSection
	GlobalSection(SolutionProperties) = preSolution
		HideSolutionNode = FALSE
	EndGlobalSection
	GlobalSection(ProjectConfigurationPlatforms) = postSolution
		{70E49B0F-A8F4-4ACC-925C-A2BEA7E66291}.Debug|Any CPU.ActiveCfg = Debug|Any CPU
		{70E49B0F-A8F4-4ACC-925C-A2BEA7E66291}.Debug|Any CPU.Build.0 = Debug|Any CPU
		{70E49B0F-A8F4-4ACC-925C-A2BEA7E66291}.Debug|x64.ActiveCfg = Debug|Any CPU
		{70E49B0F-A8F4-4ACC-925C-A2BEA7E66291}.Debug|x64.Build.0 = Debug|Any CPU
		{70E49B0F-A8F4-4ACC-925C-A2BEA7E66291}.Debug|x86.ActiveCfg = Debug|Any CPU
		{70E49B0F-A8F4-4ACC-925C-A2BEA7E66291}.Debug|x86.Build.0 = Debug|Any CPU
		{70E49B0F-A8F4-4ACC-925C-A2BEA7E66291}.Release|Any CPU.ActiveCfg = Release|Any CPU
		{70E49B0F-A8F4-4ACC-925C-A2BEA7E66291}.Release|Any CPU.Build.0 = Release|Any CPU
		{70E49B0F-A8F4-4ACC-925C-A2BEA7E66291}.Release|x64.ActiveCfg = Release|Any CPU
		{70E49B0F-A8F4-4ACC-925C-A2BEA7E66291}.Release|x64.Build.0 = Release|Any CPU
		{70E49B0F-A8F4-4ACC-925C-A2BEA7E66291}.Release|x86.ActiveCfg = Release|Any CPU
		{70E49B0F-A8F4-4ACC-925C-A2BEA7E66291}.Release|x86.Build.0 = Release|Any CPU
		{9FEC7E07-C46A-4DEC-98F3-0A22E5E9D3E1}.Debug|Any CPU.ActiveCfg = Debug|Any CPU
		{9FEC7E07-C46A-4DEC-98F3-0A22E5E9D3E1}.Debug|Any CPU.Build.0 = Debug|Any CPU
		{9FEC7E07-C46A-4DEC-98F3-0A22E5E9D3E1}.Debug|x64.ActiveCfg = Debug|Any CPU
		{9FEC7E07-C46A-4DEC-98F3-0A22E5E9D3E1}.Debug|x64.Build.0 = Debug|Any CPU
		{9FEC7E07-C46A-4DEC-98F3-0A22E5E9D3E1}.Debug|x86.ActiveCfg = Debug|Any CPU
		{9FEC7E07-C46A-4DEC-98F3-0A22E5E9D3E1}.Debug|x86.Build.0 = Debug|Any CPU
		{9FEC7E07-C46A-4DEC-98F3-0A22E5E9D3E1}.Release|Any CPU.ActiveCfg = Release|Any CPU
		{9FEC7E07-C46A-4DEC-98F3-0A22E5E9D3E1}.Release|Any CPU.Build.0 = Release|Any CPU
		{9FEC7E07-C46A-4DEC-98F3-0A22E5E9D3E1}.Release|x64.ActiveCfg = Release|Any CPU
		{9FEC7E07-C46A-4DEC-98F3-0A22E5E9D3E1}.Release|x64.Build.0 = Release|Any CPU
		{9FEC7E07-C46A-4DEC-98F3-0A22E5E9D3E1}.Release|x86.ActiveCfg = Release|Any CPU
		{9FEC7E07-C46A-4DEC-98F3-0A22E5E9D3E1}.Release|x86.Build.0 = Release|Any CPU
		{0C5F48B1-F266-4AF2-8C5C-24F7AE91096D}.Debug|Any CPU.ActiveCfg = Debug|Any CPU
		{0C5F48B1-F266-4AF2-8C5C-24F7AE91096D}.Debug|Any CPU.Build.0 = Debug|Any CPU
		{0C5F48B1-F266-4AF2-8C5C-24F7AE91096D}.Debug|x64.ActiveCfg = Debug|Any CPU
		{0C5F48B1-F266-4AF2-8C5C-24F7AE91096D}.Debug|x64.Build.0 = Debug|Any CPU
		{0C5F48B1-F266-4AF2-8C5C-24F7AE91096D}.Debug|x86.ActiveCfg = Debug|Any CPU
		{0C5F48B1-F266-4AF2-8C5C-24F7AE91096D}.Debug|x86.Build.0 = Debug|Any CPU
		{0C5F48B1-F266-4AF2-8C5C-24F7AE91096D}.Release|Any CPU.ActiveCfg = Release|Any CPU
		{0C5F48B1-F266-4AF2-8C5C-24F7AE91096D}.Release|Any CPU.Build.0 = Release|Any CPU
		{0C5F48B1-F266-4AF2-8C5C-24F7AE91096D}.Release|x64.ActiveCfg = Release|Any CPU
		{0C5F48B1-F266-4AF2-8C5C-24F7AE91096D}.Release|x64.Build.0 = Release|Any CPU
		{0C5F48B1-F266-4AF2-8C5C-24F7AE91096D}.Release|x86.ActiveCfg = Release|Any CPU
		{0C5F48B1-F266-4AF2-8C5C-24F7AE91096D}.Release|x86.Build.0 = Release|Any CPU
	EndGlobalSection
	GlobalSection(NestedProjects) = preSolution
		{70E49B0F-A8F4-4ACC-925C-A2BEA7E66291} = {AEA3D972-4D2E-4D37-9E9F-99BD12F6CD17}
		{9FEC7E07-C46A-4DEC-98F3-0A22E5E9D3E1} = {EB5C0A21-F1D7-489F-8AFB-19047F025A35}
		{0C5F48B1-F266-4AF2-8C5C-24F7AE91096D} = {C1EA171D-8ACF-422C-BE97-E1806EC1DCF4}
	EndGlobalSection
EndGlobal
